
Microsoft Visual Studio Solution File, Format Version 12.00
# Visual Studio Version 17
VisualStudioVersion = 17.9.34407.89
MinimumVisualStudioVersion = 10.0.40219.1
Project("{9A19103F-16F7-4668-BE54-9A1E7A4F7556}") = "Inti_creates_files_Reader", "Inti_creates_files_Reader\Inti_creates_files_Reader.csproj", "{8FFCF684-15D9-4107-9D48-9F7E80D2FC4D}"
EndProject
Global
	GlobalSection(SolutionConfigurationPlatforms) = preSolution
		Debug|Any CPU = Debug|Any CPU
		Release|Any CPU = Release|Any CPU
	EndGlobalSection
	GlobalSection(ProjectConfigurationPlatforms) = postSolution
		{8FFCF684-15D9-4107-9D48-9F7E80D2FC4D}.Debug|Any CPU.ActiveCfg = Debug|Any CPU
		{8FFCF684-15D9-4107-9D48-9F7E80D2FC4D}.Debug|Any CPU.Build.0 = Debug|Any CPU
		{8FFCF684-15D9-4107-9D48-9F7E80D2FC4D}.Release|Any CPU.ActiveCfg = Release|Any CPU
		{8FFCF684-15D9-4107-9D48-9F7E80D2FC4D}.Release|Any CPU.Build.0 = Release|Any CPU
	EndGlobalSection
	GlobalSection(SolutionProperties) = preSolution
		HideSolutionNode = FALSE
	EndGlobalSection
	GlobalSection(ExtensibilityGlobals) = postSolution
		SolutionGuid = {D3722972-5CE2-4BF5-96B5-8785BBCEBAB1}
	EndGlobalSection
EndGlobal
